{
  "name": "create-invoices",
  "version": "1.0.0",
  "lockfileVersion": 3,
  "requires": true,
  "packages": {
    "": {
      "name": "create-invoices",
      "version": "1.0.0",
      "license": "ISC",
      "dependencies": {
        "create-invoices": "file:"
      }
    },
    "node_modules/create-invoices": {
      "resolved": "",
      "link": true
    }
  }
}
